github.com/asaskevich/govalidator v0.0.0-20161001163130-7b3beb6df3c4 h1:roUAANycAr9TS5tnrZboqlI+bGfcY8n9nDyD1WDgn74=
github.com/asaskevich/govalidator v0.0.0-20161001163130-7b3beb6df3c4/go.mod h1:lB+ZfQJz7igIIfQNfa7Ml4HSf2uFQQRzpGGRXenZAgY=
github.com/stretchr/testify v1.1.4/go.mod h1:a8OnRcib4nhh0OaRAV+Yts87kKdq0PP7pXfy6kDkUVs=
